PODS:
  - GPUImage (0.2.0)
  - JPImageresizerView (0.5.3)
  - KVOController (1.2.0)
  - libwebp (1.0.2):
    - libwebp/core (= 1.0.2)
    - libwebp/dec (= 1.0.2)
    - libwebp/demux (= 1.0.2)
    - libwebp/dsp (= 1.0.2)
    - libwebp/enc (= 1.0.2)
    - libwebp/mux (= 1.0.2)
    - libwebp/utils (= 1.0.2)
    - libwebp/webp (= 1.0.2)
  - libwebp/core (1.0.2):
    - libwebp/webp
  - libwebp/dec (1.0.2):
    - libwebp/core
  - libwebp/demux (1.0.2):
    - libwebp/core
  - libwebp/dsp (1.0.2):
    - libwebp/core
  - libwebp/enc (1.0.2):
    - libwebp/core
  - libwebp/mux (1.0.2):
    - libwebp/core
  - libwebp/utils (1.0.2):
    - libwebp/core
  - libwebp/webp (1.0.2)
  - Mantle (2.1.0):
    - Mantle/extobjc (= 2.1.0)
  - Mantle/extobjc (2.1.0)
  - Masonry (1.1.0)
  - MBProgressHUD (1.1.0)
  - MDLog (1.2.4):
    - MDLoggerService
  - MDLoggerService (0.1.0)
  - MetalPetal (1.4.2):
    - MetalPetal/Core (= 1.4.2)
  - MetalPetal/Core (1.4.2)
  - MJRefresh (3.2.0)
  - MMCV (1.0.16.2):
    - ZipArchive
  - MMFileService (1.1.0):
    - openssl-lib
  - MMFrameworks/Eta (2.5.15)
  - MMFrameworks/MMFoundation (2.5.15)
  - MMMedia (2.3.2.2):
    - GPUImage
    - MetalPetal (= 1.4.2)
    - MMMedia/Base (= 2.3.2.2)
    - MMMedia/Expand (= 2.3.2.2)
  - MMMedia/Base (2.3.2.2):
    - GPUImage
    - KVOController
    - MetalPetal (= 1.4.2)
  - MMMedia/Expand (2.3.2.2):
    - GPUImage
    - Mantle
    - MetalPetal (= 1.4.2)
    - MMCV
    - MMXEScene
  - MMVideoSDK (2.3.2.1):
    - GPUImage
    - MDLog (~> 1.2.4)
    - MetalPetal (= 1.4.2)
    - MMCV (~> 1.0.16.1)
    - MMFileService (~> 1.1.0)
    - MMMedia (~> 2.3.2.1)
    - MMXEScene (~> 1.1.0)
  - MMXEScene (1.1.0)
  - openssl-lib (1.0.1)
  - pop (1.0.12)
  - ReactiveCocoa (2.5):
    - ReactiveCocoa/UI (= 2.5)
  - ReactiveCocoa/Core (2.5):
    - ReactiveCocoa/no-arc
  - ReactiveCocoa/no-arc (2.5)
  - ReactiveCocoa/UI (2.5):
    - ReactiveCocoa/Core
  - SDWebImage (4.4.7):
    - SDWebImage/Core (= 4.4.7)
  - SDWebImage/Core (4.4.7)
  - SDWebImage/WebP (4.4.7):
    - libwebp (< 2.0, >= 0.5)
    - SDWebImage/Core
  - Toast (4.0.0)
  - YYImage (1.0.4):
    - YYImage/Core (= 1.0.4)
  - YYImage/Core (1.0.4)
  - ZipArchive (1.4.0)

DEPENDENCIES:
  - JPImageresizerView
  - Masonry
  - MBProgressHUD (~> 1.1.0)
  - MJRefresh
  - MMFrameworks/Eta (from `./MMFramework`)
  - MMFrameworks/MMFoundation (from `./MMFramework`)
  - MMVideoSDK (= 2.3.2.1)
  - pop
  - ReactiveCocoa (= 2.5)
  - SDWebImage
  - SDWebImage/WebP
  - Toast (~> 4.0.0)
  - YYImage

SPEC REPOS:
  https://github.com/cocoapods/specs.git:
    - JPImageresizerView
    - KVOController
    - libwebp
    - Mantle
    - Masonry
    - MBProgressHUD
    - MetalPetal
    - MJRefresh
    - pop
    - ReactiveCocoa
    - SDWebImage
    - Toast
    - YYImage
    - ZipArchive
  https://github.com/cosmos33/MMSpecs.git:
    - GPUImage
    - MDLog
    - MDLoggerService
    - MMCV
    - MMFileService
    - MMMedia
    - MMVideoSDK
    - MMXEScene
    - openssl-lib

EXTERNAL SOURCES:
  MMFrameworks:
    :path: "./MMFramework"

SPEC CHECKSUMS:
  GPUImage: bb92d22b77bd8534e516d4b21039b331a4935d44
  JPImageresizerView: eedd90ce2082fa10f104f4282e428cd1c3da86b9
  KVOController: d72ace34afea42468329623b3379ab3cd1d286b6
  libwebp: b068a3bd7c45f7460f6715be7bed1a18fd5d6b48
  Mantle: 2fa750afa478cd625a94230fbf1c13462f29395b
  Masonry: 678fab65091a9290e40e2832a55e7ab731aad201
  MBProgressHUD: e7baa36a220447d8aeb12769bf0585582f3866d9
  MDLog: 63b50372531f8bee5c6634f23e58ce49102d6d2f
  MDLoggerService: a3a211b8327e16723335c8a2b646726c1c58bd47
  MetalPetal: c1773ffa37bb8a466ac93e25f6ccf8b09ee6022e
  MJRefresh: ed450d6eb9d3346a2cb033ab7eb6de090aeef437
  MMCV: 3777a266d9293d0f536be7247e889ea748d30137
  MMFileService: 36f33e7c96fd36c7eaff5bc35af5dc7cff766652
  MMFrameworks: ee4b4853d45d64c4e2f0bcc7b3a5bc656d84e526
  MMMedia: 3a55b09195282800e6c90d387f02a49be3501832
  MMVideoSDK: 8803459f76abdbf327c49e957f35e498562720d8
  MMXEScene: 3c4c7d1f7d40619d1c3d2e0986da929cadd83a15
  openssl-lib: e3f61a10280caf261c0e4c6b3e720aa94825f07a
  pop: d582054913807fd11fd50bfe6a539d91c7e1a55a
  ReactiveCocoa: e2db045570aa97c695e7aa97c2bcab222ae51f4a
  SDWebImage: c10d14a8883ebd89664f02a422006f66a85c0c5d
  Toast: 91b396c56ee72a5790816f40d3a94dd357abc196
  YYImage: 1e1b62a9997399593e4b9c4ecfbbabbf1d3f3b54
  ZipArchive: e25a4373192673e3229ac8d6e9f64a3e5713c966

PODFILE CHECKSUM: 77251edcede0fd916a28a6b1bf5541271448995e

COCOAPODS: 1.7.5
