PODS:
  - JPImageresizerView (0.5.0)
  - KVOController (1.2.0)
  - libwebp (1.2.0):
    - libwebp/demux (= 1.2.0)
    - libwebp/mux (= 1.2.0)
    - libwebp/webp (= 1.2.0)
  - libwebp/demux (1.2.0):
    - libwebp/webp
  - libwebp/mux (1.2.0):
    - libwebp/demux
  - libwebp/webp (1.2.0)
  - Mantle (2.1.0):
    - Mantle/extobjc (= 2.1.0)
  - Mantle/extobjc (2.1.0)
  - Masonry (1.1.0)
  - MBProgressHUD (1.1.0)
  - MCCSecret (1.0.0)
  - MDLog (1.2.4):
    - MDLoggerService
  - MDLoggerService (0.1.0)
  - MDREffectFilters (1.0.0):
    - MetalPetal
  - MetalPetal (1.13.0):
    - MetalPetal/Static (= 1.13.0)
  - MetalPetal/Static (1.13.0)
  - MJRefresh (3.7.2)
  - MMCV (3.0.0-s):
    - MCCSecret
    - MMFileService
    - PhotonHTTPDNS
    - ZipArchive
  - MMDevice (1.0.1)
  - MMFileService (1.3.6)
  - MMFrameworks (1.0.0):
    - MMFrameworks/Eta (= 1.0.0)
    - MMFrameworks/MMFoundation (= 1.0.0)
  - MMFrameworks/Eta (1.0.0)
  - MMFrameworks/MMFoundation (1.0.0)
  - MMLightningRender (4.5.1.20210826.1833):
    - MMXEngine
  - MMMedia (2.5.0):
    - MetalPetal/Static (= 1.13.0)
    - MMMedia/Base (= 2.5.0)
    - MMMedia/Expand (= 2.5.0)
  - MMMedia/Base (2.5.0):
    - KVOController
    - MetalPetal/Static (= 1.13.0)
  - MMMedia/Expand (2.5.0):
    - Mantle
    - MDREffectFilters
    - MetalPetal/Static (= 1.13.0)
    - MMCV
    - MMLightningRender
    - MMXEngine
  - MMVideoSDK (2.5.0):
    - MDLog
    - MDREffectFilters
    - MetalPetal/Static (= 1.13.0)
    - MMCV
    - MMDevice
    - MMFileService
    - MMLightningRender
    - MMMedia
    - MMXEngine
    - MMXEngineAudio
    - MMXEngineBase
    - MMXEngineLua
    - MMXEnginePhysics
    - MMXEngineUI
  - MMXEngine (4.5.1.20210826.1833):
    - MMXEngineBase (= 4.5.0)
  - MMXEngineAudio (4.5.1.20210826.1833)
  - MMXEngineBase (4.5.0)
  - MMXEngineLua (4.5.1.20210826.1833)
  - MMXEnginePhysics (4.5.1.20210826.1833)
  - MMXEngineUI (4.5.1.20210826.1833)
  - PhotonHTTPDNS (1.0.4)
  - pop (1.0.12)
  - ReactiveCocoa (2.5):
    - ReactiveCocoa/UI (= 2.5)
  - ReactiveCocoa/Core (2.5):
    - ReactiveCocoa/no-arc
  - ReactiveCocoa/no-arc (2.5)
  - ReactiveCocoa/UI (2.5):
    - ReactiveCocoa/Core
  - SDWebImage (4.4.8):
    - SDWebImage/Core (= 4.4.8)
  - SDWebImage/Core (4.4.8)
  - SDWebImage/WebP (4.4.8):
    - libwebp (< 2.0, >= 0.5)
    - SDWebImage/Core
  - Toast (4.0.0)
  - YYImage (1.0.4):
    - YYImage/Core (= 1.0.4)
  - YYImage/Core (1.0.4)
  - ZipArchive (1.4.0)

DEPENDENCIES:
  - JPImageresizerView (= 0.5.0)
  - Mantle (= 2.1.0)
  - Masonry
  - MBProgressHUD (~> 1.1.0)
  - MetalPetal/Static (= 1.13.0)
  - MJRefresh
  - MMCV (= 3.0.0-s)
  - MMFrameworks
  - MMMedia (= 2.5.0)
  - MMVideoSDK (= 2.5.0)
  - pop
  - ReactiveCocoa (= 2.5)
  - SDWebImage
  - SDWebImage/WebP
  - Toast (~> 4.0.0)
  - YYImage
  - ZipArchive

SPEC REPOS:
  https://github.com/CocoaPods/Specs.git:
    - JPImageresizerView
    - KVOController
    - libwebp
    - Mantle
    - Masonry
    - MBProgressHUD
    - MJRefresh
    - pop
    - ReactiveCocoa
    - SDWebImage
    - Toast
    - YYImage
    - ZipArchive
  https://github.com/cosmos33/MMSpecs.git:
    - MCCSecret
    - MDLog
    - MDLoggerService
    - MDREffectFilters
    - MetalPetal
    - MMCV
    - MMDevice
    - MMFileService
    - MMFrameworks
    - MMLightningRender
    - MMMedia
    - MMVideoSDK
    - MMXEngine
    - MMXEngineAudio
    - MMXEngineBase
    - MMXEngineLua
    - MMXEnginePhysics
    - MMXEngineUI
    - PhotonHTTPDNS

SPEC CHECKSUMS:
  JPImageresizerView: 14447180bf39cb66e4d70d2a2935a900fb07a920
  KVOController: d72ace34afea42468329623b3379ab3cd1d286b6
  libwebp: e90b9c01d99205d03b6bb8f2c8c415e5a4ef66f0
  Mantle: 2fa750afa478cd625a94230fbf1c13462f29395b
  Masonry: 678fab65091a9290e40e2832a55e7ab731aad201
  MBProgressHUD: e7baa36a220447d8aeb12769bf0585582f3866d9
  MCCSecret: 5658f66290969726586eddbdfe45e27731dbfa17
  MDLog: 63b50372531f8bee5c6634f23e58ce49102d6d2f
  MDLoggerService: a3a211b8327e16723335c8a2b646726c1c58bd47
  MDREffectFilters: 4269c1325ad9b932ca2533e1e6467ae43f998483
  MetalPetal: 3f0fb530b09db6896bcf1fa05739fdb2f489515c
  MJRefresh: 30997d30b347c8e9508a4db11e3a690da0c9b85a
  MMCV: 03321d38ce7611abb88275a82f114ba8ec949a2b
  MMDevice: ea2f783f769331e40c558ef894541e31ced9aa13
  MMFileService: 780cd7e63331b6cb66a78e2aa5adb682dd3ab78c
  MMFrameworks: f9b83d3ef607b4ad1a95b412e44ae6038b0e881f
  MMLightningRender: 3317073e139f29c00b2dfe374316118fd7dcea30
  MMMedia: ddba7b1b9ead39ff2dd54325440ebee22e59d625
  MMVideoSDK: b058e5310bc48c272f9bbe5918a766d3ea43b204
  MMXEngine: ec42c6429c58f6f42688aba3a22b2ca4023a0160
  MMXEngineAudio: 499e0805f7926409646f43d9eba1c59c549ef88b
  MMXEngineBase: 329b6d8f3397f9c0cd19ae12481e72f658c828a4
  MMXEngineLua: 31d24661168e47f1fdcbbee3cb526535b5cc4022
  MMXEnginePhysics: 2aac7c084faa8a77f0b5c579e83bd443f6bc143f
  MMXEngineUI: fd3787d6b46517551d58e38fb3df35174179a5b5
  PhotonHTTPDNS: 1eb4881bf659a78fc304bce5830b37f1b1ec25ad
  pop: d582054913807fd11fd50bfe6a539d91c7e1a55a
  ReactiveCocoa: e2db045570aa97c695e7aa97c2bcab222ae51f4a
  SDWebImage: 783af2c3fa36291a250030c4752ee370a9a51d13
  Toast: 91b396c56ee72a5790816f40d3a94dd357abc196
  YYImage: 1e1b62a9997399593e4b9c4ecfbbabbf1d3f3b54
  ZipArchive: e25a4373192673e3229ac8d6e9f64a3e5713c966

PODFILE CHECKSUM: ea75356cdc7f14498cbfb3f1041db58ced95c8aa

COCOAPODS: 1.10.1
